
Microsoft Visual Studio Solution File, Format Version 12.00
# Visual Studio Version 17
VisualStudioVersion = 17.4.33213.308
MinimumVisualStudioVersion = 10.0.40219.1
Project("{9A19103F-16F7-4668-BE54-9A1E7A4F7556}") = "CSharp", "CSharp\CSharp.csproj", "{B2981466-A1CF-480A-BDB3-1BBDB53C4521}"
EndProject
Project("{9A19103F-16F7-4668-BE54-9A1E7A4F7556}") = "Opgave1", "..\..\C# & ASP\4. Semester\Lektion1_Intro\Opgave1\Opgave1.csproj", "{17780A19-9423-4DA8-A7EC-F1E4501BD6FB}"
EndProject
Project("{2150E333-8FDC-42A3-9474-1A3956D46DE8}") = "Lektion1_Intro", "Lektion1_Intro", "{E2310E79-861D-4F27-AF95-AA919F17E344}"
EndProject
Project("{9A19103F-16F7-4668-BE54-9A1E7A4F7556}") = "MyLib", "..\..\C# & ASP\4. Semester\Lektion1_Intro\MyLib\MyLib.csproj", "{2EADA26F-6CF0-477F-867C-A96BD6F2BEFD}"
EndProject
Project("{2150E333-8FDC-42A3-9474-1A3956D46DE8}") = "Lektion2_Sprogkonstruktioner", "Lektion2_Sprogkonstruktioner", "{D8524B80-9C9F-4A52-8D82-880A2DE20A75}"
EndProject
Project("{9A19103F-16F7-4668-BE54-9A1E7A4F7556}") = "Lektion2", "..\..\C# & ASP\4. Semester\Lektion2_Sprogkonstruktioner\Lektion2\Lektion2\Lektion2.csproj", "{FE7DA6E5-D125-4A3E-BF40-0128B395098D}"
EndProject
Project("{2150E333-8FDC-42A3-9474-1A3956D46DE8}") = "Lektion3_Nedarving", "Lektion3_Nedarving", "{1FF05709-1773-4C86-8BEB-3E01A8FBFC7B}"
EndProject
Project("{9A19103F-16F7-4668-BE54-9A1E7A4F7556}") = "Opgave3", "..\..\C# & ASP\4. Semester\Lektion3_Nedarvning\Opgave3\Opgave3\Opgave3.csproj", "{DC6E3A54-0D5B-4F3E-9275-2CC84E0B9C16}"
EndProject
Project("{9A19103F-16F7-4668-BE54-9A1E7A4F7556}") = "Opgave4", "..\..\C# & ASP\4. Semester\Lektion3_Nedarvning\Opgave4\Opgave4\Opgave4\Opgave4.csproj", "{2D44B82C-5C2A-4336-A065-2BFD40AE1E6A}"
EndProject
Project("{2150E333-8FDC-42A3-9474-1A3956D46DE8}") = "Lektion4_Extensions", "Lektion4_Extensions", "{5B910083-A27F-4290-A5E7-94235C97B223}"
EndProject
Project("{2150E333-8FDC-42A3-9474-1A3956D46DE8}") = "Eksempler", "Eksempler", "{728D794E-EAB1-4423-A88C-0AC093051A80}"
EndProject
Project("{2150E333-8FDC-42A3-9474-1A3956D46DE8}") = "Delegates", "Delegates", "{EDCEAE85-46A7-455B-A75C-82E9B3EC8A6B}"
EndProject
Project("{FAE04EC0-301F-11D3-BF4B-00C04F79EFBC}") = "Delegates", "..\..\C# & ASP\4. Semester\Lektion4_Extensions\Eksempler session 4\Eksempler session 4\Delegates\Delegates\Delegates.csproj", "{EB27865E-ED1E-4237-8FF5-42585210103E}"
EndProject
Project("{2150E333-8FDC-42A3-9474-1A3956D46DE8}") = "Events", "Events", "{D900388A-4BEF-4CDE-88FD-74CC27D0447F}"
EndProject
Project("{FAE04EC0-301F-11D3-BF4B-00C04F79EFBC}") = "Events", "..\..\C# & ASP\4. Semester\Lektion4_Extensions\Eksempler session 4\Eksempler session 4\Events\Events\Events.csproj", "{072A950D-1E2F-4945-AC1C-AB2F7457F5D4}"
EndProject
Project("{2150E333-8FDC-42A3-9474-1A3956D46DE8}") = "ExtenstionsMethods", "ExtenstionsMethods", "{FBF12263-4BB2-44BD-A642-CDFD3586D071}"
EndProject
Project("{FAE04EC0-301F-11D3-BF4B-00C04F79EFBC}") = "ExtensionMethods", "..\..\C# & ASP\4. Semester\Lektion4_Extensions\Eksempler session 4\Eksempler session 4\ExtensionMethods\ExtensionMethods\ExtensionMethods.csproj", "{44FB1BD2-E6F4-4368-BFF0-B93A771E9065}"
EndProject
Project("{2150E333-8FDC-42A3-9474-1A3956D46DE8}") = "Øvelser", "Øvelser", "{7C5AEDDF-2B11-4E39-B4AA-37C55E25FFA3}"
EndProject
Project("{2150E333-8FDC-42A3-9474-1A3956D46DE8}") = "Cards", "Cards", "{501D7DA0-D298-45CA-8F65-243CFD84F319}"
EndProject
Project("{2150E333-8FDC-42A3-9474-1A3956D46DE8}") = "Opgave4.3", "Opgave4.3", "{FB41213A-A61C-49F5-B56C-5D7A666EC83E}"
EndProject
Project("{2150E333-8FDC-42A3-9474-1A3956D46DE8}") = "Personer", "Personer", "{2BBAB0D3-AD1E-49E6-9649-3243324A2A01}"
EndProject
Project("{2150E333-8FDC-42A3-9474-1A3956D46DE8}") = "PowerPlant", "PowerPlant", "{5505B4B6-AE24-4F78-8E8B-205A6139140B}"
EndProject
Project("{2150E333-8FDC-42A3-9474-1A3956D46DE8}") = "Øvelser", "Øvelser", "{EC047077-1BED-4C74-A414-615C340A6F3F}"
EndProject
Project("{9A19103F-16F7-4668-BE54-9A1E7A4F7556}") = "Øvelser", "..\..\C# & ASP\4. Semester\Lektion4_Extensions\Øvelser\Øvelser\Øvelser.csproj", "{87D01AC5-B411-47EF-8C82-09B9D24D7414}"
EndProject
Project("{9A19103F-16F7-4668-BE54-9A1E7A4F7556}") = "Opgave4.2", "..\..\C# & ASP\4. Semester\Lektion4_Extensions\Øvelser\PowerPlant\Opgave4.2.csproj", "{1E05D5AD-7202-4ABD-A3D3-69DB504FB6D4}"
EndProject
Project("{9A19103F-16F7-4668-BE54-9A1E7A4F7556}") = "Personer", "..\..\C# & ASP\4. Semester\Lektion4_Extensions\Øvelser\Personer\Personer.csproj", "{34F0812D-3704-42F4-B686-50E5F28804F9}"
EndProject
Project("{9A19103F-16F7-4668-BE54-9A1E7A4F7556}") = "Opgave4.3", "..\..\C# & ASP\4. Semester\Lektion4_Extensions\Øvelser\Opgave4.3\Opgave4.3.csproj", "{7B4AE173-9C19-4E42-9573-4817C94D6338}"
EndProject
Project("{9A19103F-16F7-4668-BE54-9A1E7A4F7556}") = "Cards", "..\..\C# & ASP\4. Semester\Lektion4_Extensions\Øvelser\Cards\Cards.csproj", "{C5157938-7F02-455D-A0D3-EAB84D671234}"
EndProject
Project("{2150E333-8FDC-42A3-9474-1A3956D46DE8}") = "Lektion6_WPF", "Lektion6_WPF", "{058A4AE0-30C6-43AC-9BA9-0740C1FD753D}"
EndProject
Project("{2150E333-8FDC-42A3-9474-1A3956D46DE8}") = "Opgave1", "Opgave1", "{3A282E5E-B863-4C72-BAD9-6AB887EFE946}"
EndProject
Project("{FAE04EC0-301F-11D3-BF4B-00C04F79EFBC}") = "Opgave1", "Opgave1\Opgave1.csproj", "{9B7B0662-68EC-479E-B8A4-DD3AAD66AF73}"
EndProject
Project("{2150E333-8FDC-42A3-9474-1A3956D46DE8}") = "Opgave2", "Opgave2", "{6F64FDBB-8A01-41FB-99C6-2469C669756E}"
EndProject
Project("{FAE04EC0-301F-11D3-BF4B-00C04F79EFBC}") = "Opgave2", "Opgave2\Opgave2.csproj", "{38EF6E26-75CE-4FB6-8E0A-2918DED62631}"
EndProject
Project("{2150E333-8FDC-42A3-9474-1A3956D46DE8}") = "Eksempler", "Eksempler", "{8E6BD9B4-F92E-4826-AB9C-69383EE04BED}"
EndProject
Project("{2150E333-8FDC-42A3-9474-1A3956D46DE8}") = "MyFirstWPF", "MyFirstWPF", "{1FF072D9-1AC2-4162-93D4-F00899230E61}"
EndProject
Project("{FAE04EC0-301F-11D3-BF4B-00C04F79EFBC}") = "MyFirstWPF", "..\..\Given Code\XAML\Eksempler Base\Session6Eksempler\MyFirstWPF\MyFirstWPF.csproj", "{FFFD03F8-9DE2-49DD-A2E8-77951B53C7EA}"
EndProject
Project("{2150E333-8FDC-42A3-9474-1A3956D46DE8}") = "Alignment", "Alignment", "{F2C78EB8-E7B0-4D5F-B042-1D4D8BBE7C18}"
EndProject
Project("{FAE04EC0-301F-11D3-BF4B-00C04F79EFBC}") = "WpfAlignment", "..\..\Given Code\XAML\Eksempler Base\Session6Eksempler\WpfApp1 Alignment\WpfApp1_Alignment\WpfApp1\WpfAlignment.csproj", "{CAC2BC8F-4600-4968-98B6-B242936DE2BD}"
EndProject
Project("{2150E333-8FDC-42A3-9474-1A3956D46DE8}") = "StackPanel", "StackPanel", "{46CE5A26-D25C-43DF-B6CE-A5B8C11DCA59}"
EndProject
Project("{FAE04EC0-301F-11D3-BF4B-00C04F79EFBC}") = "WpfApp_StackPanel", "..\..\Given Code\XAML\Eksempler Base\Session6Eksempler\WpfApp2 StackPanel\WpfApp2_StackPanel\WpfApp_StackPanel\WpfApp_StackPanel.csproj", "{97654F13-6B99-44F4-9F60-1ADCB7F8F041}"
EndProject
Project("{2150E333-8FDC-42A3-9474-1A3956D46DE8}") = "Grid_Panel", "Grid_Panel", "{6846CE86-C11C-4877-838C-2522BC03B0C0}"
EndProject
Project("{FAE04EC0-301F-11D3-BF4B-00C04F79EFBC}") = "WpfApp_GridPanel", "..\..\Given Code\XAML\Eksempler Base\Session6Eksempler\WpfApp3 Grid_Panel\WpfApp_Grid_Panel\WpfApp_GridPanel\WpfApp_GridPanel.csproj", "{D8E93347-0626-4997-A96A-40183A643E4C}"
EndProject
Project("{2150E333-8FDC-42A3-9474-1A3956D46DE8}") = "Dockpanel", "Dockpanel", "{A300E0C7-EC75-4BB9-96EE-822DDBB0BF14}"
EndProject
Project("{FAE04EC0-301F-11D3-BF4B-00C04F79EFBC}") = "DockPanel", "DockPanel\DockPanel.csproj", "{5EBFD7E0-6537-4943-A049-DEA52BE8A1AC}"
EndProject
Project("{2150E333-8FDC-42A3-9474-1A3956D46DE8}") = "StatusBar", "StatusBar", "{643F7171-2766-4981-95FB-5AD35E05EA14}"
EndProject
Project("{FAE04EC0-301F-11D3-BF4B-00C04F79EFBC}") = "Status", "Status\Status.csproj", "{03F7BB23-0B2C-4407-90FE-35C89847270A}"
EndProject
Project("{2150E333-8FDC-42A3-9474-1A3956D46DE8}") = "StackPanel", "StackPanel", "{F768FFE1-DE1C-471E-AEA0-DAE0A96EA1EB}"
EndProject
Project("{FAE04EC0-301F-11D3-BF4B-00C04F79EFBC}") = "StackPanel", "StackPanel\StackPanel.csproj", "{F3465682-A58A-4DA9-9F83-8414D47D0BD1}"
EndProject
Project("{2150E333-8FDC-42A3-9474-1A3956D46DE8}") = "Lektion7_WPF_Part2", "Lektion7_WPF_Part2", "{6327615D-910B-4AE8-AEBB-07EAB6579C8C}"
EndProject
Project("{FAE04EC0-301F-11D3-BF4B-00C04F79EFBC}") = "Opgave7_1", "Opgave7_1\Opgave7_1.csproj", "{C317C2F4-D2E1-47BF-A966-12FE42F998E3}"
EndProject
Global
	GlobalSection(SolutionConfigurationPlatforms) = preSolution
		Debug|Any CPU = Debug|Any CPU
		Release|Any CPU = Release|Any CPU
	EndGlobalSection
	GlobalSection(ProjectConfigurationPlatforms) = postSolution
		{B2981466-A1CF-480A-BDB3-1BBDB53C4521}.Debug|Any CPU.ActiveCfg = Debug|Any CPU
		{B2981466-A1CF-480A-BDB3-1BBDB53C4521}.Debug|Any CPU.Build.0 = Debug|Any CPU
		{B2981466-A1CF-480A-BDB3-1BBDB53C4521}.Release|Any CPU.ActiveCfg = Release|Any CPU
		{B2981466-A1CF-480A-BDB3-1BBDB53C4521}.Release|Any CPU.Build.0 = Release|Any CPU
		{17780A19-9423-4DA8-A7EC-F1E4501BD6FB}.Debug|Any CPU.ActiveCfg = Debug|Any CPU
		{17780A19-9423-4DA8-A7EC-F1E4501BD6FB}.Debug|Any CPU.Build.0 = Debug|Any CPU
		{17780A19-9423-4DA8-A7EC-F1E4501BD6FB}.Release|Any CPU.ActiveCfg = Release|Any CPU
		{17780A19-9423-4DA8-A7EC-F1E4501BD6FB}.Release|Any CPU.Build.0 = Release|Any CPU
		{2EADA26F-6CF0-477F-867C-A96BD6F2BEFD}.Debug|Any CPU.ActiveCfg = Debug|Any CPU
		{2EADA26F-6CF0-477F-867C-A96BD6F2BEFD}.Debug|Any CPU.Build.0 = Debug|Any CPU
		{2EADA26F-6CF0-477F-867C-A96BD6F2BEFD}.Release|Any CPU.ActiveCfg = Release|Any CPU
		{2EADA26F-6CF0-477F-867C-A96BD6F2BEFD}.Release|Any CPU.Build.0 = Release|Any CPU
		{FE7DA6E5-D125-4A3E-BF40-0128B395098D}.Debug|Any CPU.ActiveCfg = Debug|Any CPU
		{FE7DA6E5-D125-4A3E-BF40-0128B395098D}.Debug|Any CPU.Build.0 = Debug|Any CPU
		{FE7DA6E5-D125-4A3E-BF40-0128B395098D}.Release|Any CPU.ActiveCfg = Release|Any CPU
		{FE7DA6E5-D125-4A3E-BF40-0128B395098D}.Release|Any CPU.Build.0 = Release|Any CPU
		{DC6E3A54-0D5B-4F3E-9275-2CC84E0B9C16}.Debug|Any CPU.ActiveCfg = Debug|Any CPU
		{DC6E3A54-0D5B-4F3E-9275-2CC84E0B9C16}.Debug|Any CPU.Build.0 = Debug|Any CPU
		{DC6E3A54-0D5B-4F3E-9275-2CC84E0B9C16}.Release|Any CPU.ActiveCfg = Release|Any CPU
		{DC6E3A54-0D5B-4F3E-9275-2CC84E0B9C16}.Release|Any CPU.Build.0 = Release|Any CPU
		{2D44B82C-5C2A-4336-A065-2BFD40AE1E6A}.Debug|Any CPU.ActiveCfg = Debug|Any CPU
		{2D44B82C-5C2A-4336-A065-2BFD40AE1E6A}.Debug|Any CPU.Build.0 = Debug|Any CPU
		{2D44B82C-5C2A-4336-A065-2BFD40AE1E6A}.Release|Any CPU.ActiveCfg = Release|Any CPU
		{2D44B82C-5C2A-4336-A065-2BFD40AE1E6A}.Release|Any CPU.Build.0 = Release|Any CPU
		{EB27865E-ED1E-4237-8FF5-42585210103E}.Debug|Any CPU.ActiveCfg = Debug|Any CPU
		{EB27865E-ED1E-4237-8FF5-42585210103E}.Debug|Any CPU.Build.0 = Debug|Any CPU
		{EB27865E-ED1E-4237-8FF5-42585210103E}.Release|Any CPU.ActiveCfg = Release|Any CPU
		{EB27865E-ED1E-4237-8FF5-42585210103E}.Release|Any CPU.Build.0 = Release|Any CPU
		{072A950D-1E2F-4945-AC1C-AB2F7457F5D4}.Debug|Any CPU.ActiveCfg = Debug|Any CPU
		{072A950D-1E2F-4945-AC1C-AB2F7457F5D4}.Debug|Any CPU.Build.0 = Debug|Any CPU
		{072A950D-1E2F-4945-AC1C-AB2F7457F5D4}.Release|Any CPU.ActiveCfg = Release|Any CPU
		{072A950D-1E2F-4945-AC1C-AB2F7457F5D4}.Release|Any CPU.Build.0 = Release|Any CPU
		{44FB1BD2-E6F4-4368-BFF0-B93A771E9065}.Debug|Any CPU.ActiveCfg = Debug|Any CPU
		{44FB1BD2-E6F4-4368-BFF0-B93A771E9065}.Debug|Any CPU.Build.0 = Debug|Any CPU
		{44FB1BD2-E6F4-4368-BFF0-B93A771E9065}.Release|Any CPU.ActiveCfg = Release|Any CPU
		{44FB1BD2-E6F4-4368-BFF0-B93A771E9065}.Release|Any CPU.Build.0 = Release|Any CPU
		{87D01AC5-B411-47EF-8C82-09B9D24D7414}.Debug|Any CPU.ActiveCfg = Debug|Any CPU
		{87D01AC5-B411-47EF-8C82-09B9D24D7414}.Debug|Any CPU.Build.0 = Debug|Any CPU
		{87D01AC5-B411-47EF-8C82-09B9D24D7414}.Release|Any CPU.ActiveCfg = Release|Any CPU
		{87D01AC5-B411-47EF-8C82-09B9D24D7414}.Release|Any CPU.Build.0 = Release|Any CPU
		{1E05D5AD-7202-4ABD-A3D3-69DB504FB6D4}.Debug|Any CPU.ActiveCfg = Debug|Any CPU
		{1E05D5AD-7202-4ABD-A3D3-69DB504FB6D4}.Debug|Any CPU.Build.0 = Debug|Any CPU
		{1E05D5AD-7202-4ABD-A3D3-69DB504FB6D4}.Release|Any CPU.ActiveCfg = Release|Any CPU
		{1E05D5AD-7202-4ABD-A3D3-69DB504FB6D4}.Release|Any CPU.Build.0 = Release|Any CPU
		{34F0812D-3704-42F4-B686-50E5F28804F9}.Debug|Any CPU.ActiveCfg = Debug|Any CPU
		{34F0812D-3704-42F4-B686-50E5F28804F9}.Debug|Any CPU.Build.0 = Debug|Any CPU
		{34F0812D-3704-42F4-B686-50E5F28804F9}.Release|Any CPU.ActiveCfg = Release|Any CPU
		{34F0812D-3704-42F4-B686-50E5F28804F9}.Release|Any CPU.Build.0 = Release|Any CPU
		{7B4AE173-9C19-4E42-9573-4817C94D6338}.Debug|Any CPU.ActiveCfg = Debug|Any CPU
		{7B4AE173-9C19-4E42-9573-4817C94D6338}.Debug|Any CPU.Build.0 = Debug|Any CPU
		{7B4AE173-9C19-4E42-9573-4817C94D6338}.Release|Any CPU.ActiveCfg = Release|Any CPU
		{7B4AE173-9C19-4E42-9573-4817C94D6338}.Release|Any CPU.Build.0 = Release|Any CPU
		{C5157938-7F02-455D-A0D3-EAB84D671234}.Debug|Any CPU.ActiveCfg = Debug|Any CPU
		{C5157938-7F02-455D-A0D3-EAB84D671234}.Debug|Any CPU.Build.0 = Debug|Any CPU
		{C5157938-7F02-455D-A0D3-EAB84D671234}.Release|Any CPU.ActiveCfg = Release|Any CPU
		{C5157938-7F02-455D-A0D3-EAB84D671234}.Release|Any CPU.Build.0 = Release|Any CPU
		{9B7B0662-68EC-479E-B8A4-DD3AAD66AF73}.Debug|Any CPU.ActiveCfg = Debug|Any CPU
		{9B7B0662-68EC-479E-B8A4-DD3AAD66AF73}.Debug|Any CPU.Build.0 = Debug|Any CPU
		{9B7B0662-68EC-479E-B8A4-DD3AAD66AF73}.Release|Any CPU.ActiveCfg = Release|Any CPU
		{9B7B0662-68EC-479E-B8A4-DD3AAD66AF73}.Release|Any CPU.Build.0 = Release|Any CPU
		{38EF6E26-75CE-4FB6-8E0A-2918DED62631}.Debug|Any CPU.ActiveCfg = Debug|Any CPU
		{38EF6E26-75CE-4FB6-8E0A-2918DED62631}.Debug|Any CPU.Build.0 = Debug|Any CPU
		{38EF6E26-75CE-4FB6-8E0A-2918DED62631}.Release|Any CPU.ActiveCfg = Release|Any CPU
		{38EF6E26-75CE-4FB6-8E0A-2918DED62631}.Release|Any CPU.Build.0 = Release|Any CPU
		{FFFD03F8-9DE2-49DD-A2E8-77951B53C7EA}.Debug|Any CPU.ActiveCfg = Debug|Any CPU
		{FFFD03F8-9DE2-49DD-A2E8-77951B53C7EA}.Debug|Any CPU.Build.0 = Debug|Any CPU
		{FFFD03F8-9DE2-49DD-A2E8-77951B53C7EA}.Release|Any CPU.ActiveCfg = Release|Any CPU
		{FFFD03F8-9DE2-49DD-A2E8-77951B53C7EA}.Release|Any CPU.Build.0 = Release|Any CPU
		{CAC2BC8F-4600-4968-98B6-B242936DE2BD}.Debug|Any CPU.ActiveCfg = Debug|Any CPU
		{CAC2BC8F-4600-4968-98B6-B242936DE2BD}.Debug|Any CPU.Build.0 = Debug|Any CPU
		{CAC2BC8F-4600-4968-98B6-B242936DE2BD}.Release|Any CPU.ActiveCfg = Release|Any CPU
		{CAC2BC8F-4600-4968-98B6-B242936DE2BD}.Release|Any CPU.Build.0 = Release|Any CPU
		{97654F13-6B99-44F4-9F60-1ADCB7F8F041}.Debug|Any CPU.ActiveCfg = Debug|Any CPU
		{97654F13-6B99-44F4-9F60-1ADCB7F8F041}.Debug|Any CPU.Build.0 = Debug|Any CPU
		{97654F13-6B99-44F4-9F60-1ADCB7F8F041}.Release|Any CPU.ActiveCfg = Release|Any CPU
		{97654F13-6B99-44F4-9F60-1ADCB7F8F041}.Release|Any CPU.Build.0 = Release|Any CPU
		{D8E93347-0626-4997-A96A-40183A643E4C}.Debug|Any CPU.ActiveCfg = Debug|Any CPU
		{D8E93347-0626-4997-A96A-40183A643E4C}.Debug|Any CPU.Build.0 = Debug|Any CPU
		{D8E93347-0626-4997-A96A-40183A643E4C}.Release|Any CPU.ActiveCfg = Release|Any CPU
		{D8E93347-0626-4997-A96A-40183A643E4C}.Release|Any CPU.Build.0 = Release|Any CPU
		{5EBFD7E0-6537-4943-A049-DEA52BE8A1AC}.Debug|Any CPU.ActiveCfg = Debug|Any CPU
		{5EBFD7E0-6537-4943-A049-DEA52BE8A1AC}.Debug|Any CPU.Build.0 = Debug|Any CPU
		{5EBFD7E0-6537-4943-A049-DEA52BE8A1AC}.Release|Any CPU.ActiveCfg = Release|Any CPU
		{5EBFD7E0-6537-4943-A049-DEA52BE8A1AC}.Release|Any CPU.Build.0 = Release|Any CPU
		{03F7BB23-0B2C-4407-90FE-35C89847270A}.Debug|Any CPU.ActiveCfg = Debug|Any CPU
		{03F7BB23-0B2C-4407-90FE-35C89847270A}.Debug|Any CPU.Build.0 = Debug|Any CPU
		{03F7BB23-0B2C-4407-90FE-35C89847270A}.Release|Any CPU.ActiveCfg = Release|Any CPU
		{03F7BB23-0B2C-4407-90FE-35C89847270A}.Release|Any CPU.Build.0 = Release|Any CPU
		{F3465682-A58A-4DA9-9F83-8414D47D0BD1}.Debug|Any CPU.ActiveCfg = Debug|Any CPU
		{F3465682-A58A-4DA9-9F83-8414D47D0BD1}.Debug|Any CPU.Build.0 = Debug|Any CPU
		{F3465682-A58A-4DA9-9F83-8414D47D0BD1}.Release|Any CPU.ActiveCfg = Release|Any CPU
		{F3465682-A58A-4DA9-9F83-8414D47D0BD1}.Release|Any CPU.Build.0 = Release|Any CPU
		{C317C2F4-D2E1-47BF-A966-12FE42F998E3}.Debug|Any CPU.ActiveCfg = Debug|Any CPU
		{C317C2F4-D2E1-47BF-A966-12FE42F998E3}.Debug|Any CPU.Build.0 = Debug|Any CPU
		{C317C2F4-D2E1-47BF-A966-12FE42F998E3}.Release|Any CPU.ActiveCfg = Release|Any CPU
		{C317C2F4-D2E1-47BF-A966-12FE42F998E3}.Release|Any CPU.Build.0 = Release|Any CPU
	EndGlobalSection
	GlobalSection(SolutionProperties) = preSolution
		HideSolutionNode = FALSE
	EndGlobalSection
	GlobalSection(NestedProjects) = preSolution
		{17780A19-9423-4DA8-A7EC-F1E4501BD6FB} = {E2310E79-861D-4F27-AF95-AA919F17E344}
		{2EADA26F-6CF0-477F-867C-A96BD6F2BEFD} = {E2310E79-861D-4F27-AF95-AA919F17E344}
		{FE7DA6E5-D125-4A3E-BF40-0128B395098D} = {D8524B80-9C9F-4A52-8D82-880A2DE20A75}
		{DC6E3A54-0D5B-4F3E-9275-2CC84E0B9C16} = {1FF05709-1773-4C86-8BEB-3E01A8FBFC7B}
		{2D44B82C-5C2A-4336-A065-2BFD40AE1E6A} = {1FF05709-1773-4C86-8BEB-3E01A8FBFC7B}
		{728D794E-EAB1-4423-A88C-0AC093051A80} = {5B910083-A27F-4290-A5E7-94235C97B223}
		{EDCEAE85-46A7-455B-A75C-82E9B3EC8A6B} = {728D794E-EAB1-4423-A88C-0AC093051A80}
		{EB27865E-ED1E-4237-8FF5-42585210103E} = {EDCEAE85-46A7-455B-A75C-82E9B3EC8A6B}
		{D900388A-4BEF-4CDE-88FD-74CC27D0447F} = {728D794E-EAB1-4423-A88C-0AC093051A80}
		{072A950D-1E2F-4945-AC1C-AB2F7457F5D4} = {D900388A-4BEF-4CDE-88FD-74CC27D0447F}
		{FBF12263-4BB2-44BD-A642-CDFD3586D071} = {728D794E-EAB1-4423-A88C-0AC093051A80}
		{44FB1BD2-E6F4-4368-BFF0-B93A771E9065} = {FBF12263-4BB2-44BD-A642-CDFD3586D071}
		{7C5AEDDF-2B11-4E39-B4AA-37C55E25FFA3} = {5B910083-A27F-4290-A5E7-94235C97B223}
		{501D7DA0-D298-45CA-8F65-243CFD84F319} = {7C5AEDDF-2B11-4E39-B4AA-37C55E25FFA3}
		{FB41213A-A61C-49F5-B56C-5D7A666EC83E} = {7C5AEDDF-2B11-4E39-B4AA-37C55E25FFA3}
		{2BBAB0D3-AD1E-49E6-9649-3243324A2A01} = {7C5AEDDF-2B11-4E39-B4AA-37C55E25FFA3}
		{5505B4B6-AE24-4F78-8E8B-205A6139140B} = {7C5AEDDF-2B11-4E39-B4AA-37C55E25FFA3}
		{EC047077-1BED-4C74-A414-615C340A6F3F} = {7C5AEDDF-2B11-4E39-B4AA-37C55E25FFA3}
		{87D01AC5-B411-47EF-8C82-09B9D24D7414} = {EC047077-1BED-4C74-A414-615C340A6F3F}
		{1E05D5AD-7202-4ABD-A3D3-69DB504FB6D4} = {5505B4B6-AE24-4F78-8E8B-205A6139140B}
		{34F0812D-3704-42F4-B686-50E5F28804F9} = {2BBAB0D3-AD1E-49E6-9649-3243324A2A01}
		{7B4AE173-9C19-4E42-9573-4817C94D6338} = {FB41213A-A61C-49F5-B56C-5D7A666EC83E}
		{C5157938-7F02-455D-A0D3-EAB84D671234} = {501D7DA0-D298-45CA-8F65-243CFD84F319}
		{3A282E5E-B863-4C72-BAD9-6AB887EFE946} = {058A4AE0-30C6-43AC-9BA9-0740C1FD753D}
		{9B7B0662-68EC-479E-B8A4-DD3AAD66AF73} = {3A282E5E-B863-4C72-BAD9-6AB887EFE946}
		{6F64FDBB-8A01-41FB-99C6-2469C669756E} = {058A4AE0-30C6-43AC-9BA9-0740C1FD753D}
		{38EF6E26-75CE-4FB6-8E0A-2918DED62631} = {6F64FDBB-8A01-41FB-99C6-2469C669756E}
		{8E6BD9B4-F92E-4826-AB9C-69383EE04BED} = {058A4AE0-30C6-43AC-9BA9-0740C1FD753D}
		{1FF072D9-1AC2-4162-93D4-F00899230E61} = {8E6BD9B4-F92E-4826-AB9C-69383EE04BED}
		{FFFD03F8-9DE2-49DD-A2E8-77951B53C7EA} = {1FF072D9-1AC2-4162-93D4-F00899230E61}
		{F2C78EB8-E7B0-4D5F-B042-1D4D8BBE7C18} = {8E6BD9B4-F92E-4826-AB9C-69383EE04BED}
		{CAC2BC8F-4600-4968-98B6-B242936DE2BD} = {F2C78EB8-E7B0-4D5F-B042-1D4D8BBE7C18}
		{46CE5A26-D25C-43DF-B6CE-A5B8C11DCA59} = {8E6BD9B4-F92E-4826-AB9C-69383EE04BED}
		{97654F13-6B99-44F4-9F60-1ADCB7F8F041} = {46CE5A26-D25C-43DF-B6CE-A5B8C11DCA59}
		{6846CE86-C11C-4877-838C-2522BC03B0C0} = {8E6BD9B4-F92E-4826-AB9C-69383EE04BED}
		{D8E93347-0626-4997-A96A-40183A643E4C} = {6846CE86-C11C-4877-838C-2522BC03B0C0}
		{A300E0C7-EC75-4BB9-96EE-822DDBB0BF14} = {058A4AE0-30C6-43AC-9BA9-0740C1FD753D}
		{5EBFD7E0-6537-4943-A049-DEA52BE8A1AC} = {A300E0C7-EC75-4BB9-96EE-822DDBB0BF14}
		{643F7171-2766-4981-95FB-5AD35E05EA14} = {058A4AE0-30C6-43AC-9BA9-0740C1FD753D}
		{03F7BB23-0B2C-4407-90FE-35C89847270A} = {643F7171-2766-4981-95FB-5AD35E05EA14}
		{F768FFE1-DE1C-471E-AEA0-DAE0A96EA1EB} = {058A4AE0-30C6-43AC-9BA9-0740C1FD753D}
		{F3465682-A58A-4DA9-9F83-8414D47D0BD1} = {F768FFE1-DE1C-471E-AEA0-DAE0A96EA1EB}
		{C317C2F4-D2E1-47BF-A966-12FE42F998E3} = {6327615D-910B-4AE8-AEBB-07EAB6579C8C}
	EndGlobalSection
	GlobalSection(ExtensibilityGlobals) = postSolution
		SolutionGuid = {F821B0D2-73D6-464F-BA07-8B532B70AD27}
	EndGlobalSection
EndGlobal
