
Microsoft Visual Studio Solution File, Format Version 12.00
# Visual Studio Version 17
VisualStudioVersion = 17.4.33213.308
MinimumVisualStudioVersion = 10.0.40219.1
Project("{FAE04EC0-301F-11D3-BF4B-00C04F79EFBC}") = "CSharp", "CSharp\CSharp.csproj", "{B2981466-A1CF-480A-BDB3-1BBDB53C4521}"
EndProject
Global
	GlobalSection(SolutionConfigurationPlatforms) = preSolution
		Debug|Any CPU = Debug|Any CPU
		Release|Any CPU = Release|Any CPU
	EndGlobalSection
	GlobalSection(ProjectConfigurationPlatforms) = postSolution
		{B2981466-A1CF-480A-BDB3-1BBDB53C4521}.Debug|Any CPU.ActiveCfg = Debug|Any CPU
		{B2981466-A1CF-480A-BDB3-1BBDB53C4521}.Debug|Any CPU.Build.0 = Debug|Any CPU
		{B2981466-A1CF-480A-BDB3-1BBDB53C4521}.Release|Any CPU.ActiveCfg = Release|Any CPU
		{B2981466-A1CF-480A-BDB3-1BBDB53C4521}.Release|Any CPU.Build.0 = Release|Any CPU
	EndGlobalSection
	GlobalSection(SolutionProperties) = preSolution
		HideSolutionNode = FALSE
	EndGlobalSection
	GlobalSection(ExtensibilityGlobals) = postSolution
		SolutionGuid = {F821B0D2-73D6-464F-BA07-8B532B70AD27}
	EndGlobalSection
EndGlobal
