
Microsoft Visual Studio Solution File, Format Version 12.00
# Visual Studio Version 17
VisualStudioVersion = 17.4.33213.308
MinimumVisualStudioVersion = 10.0.40219.1
Project("{FAE04EC0-301F-11D3-BF4B-00C04F79EFBC}") = "CSharp", "CSharp\CSharp.csproj", "{B2981466-A1CF-480A-BDB3-1BBDB53C4521}"
EndProject
Project("{9A19103F-16F7-4668-BE54-9A1E7A4F7556}") = "Opgave1", "..\..\C# & ASP\4. Semester\Lektion1_Intro\Opgave1\Opgave1.csproj", "{17780A19-9423-4DA8-A7EC-F1E4501BD6FB}"
EndProject
Project("{2150E333-8FDC-42A3-9474-1A3956D46DE8}") = "Lektion1_Intro", "Lektion1_Intro", "{E2310E79-861D-4F27-AF95-AA919F17E344}"
EndProject
Project("{9A19103F-16F7-4668-BE54-9A1E7A4F7556}") = "MyLib", "..\..\C# & ASP\4. Semester\Lektion1_Intro\MyLib\MyLib.csproj", "{2EADA26F-6CF0-477F-867C-A96BD6F2BEFD}"
EndProject
Project("{2150E333-8FDC-42A3-9474-1A3956D46DE8}") = "Lektion2_Sprogkonstruktioner", "Lektion2_Sprogkonstruktioner", "{D8524B80-9C9F-4A52-8D82-880A2DE20A75}"
EndProject
Project("{9A19103F-16F7-4668-BE54-9A1E7A4F7556}") = "Lektion2", "..\..\C# & ASP\4. Semester\Lektion2_Sprogkonstruktioner\Lektion2\Lektion2\Lektion2.csproj", "{FE7DA6E5-D125-4A3E-BF40-0128B395098D}"
EndProject
Project("{2150E333-8FDC-42A3-9474-1A3956D46DE8}") = "Lektion3_Nedarving", "Lektion3_Nedarving", "{1FF05709-1773-4C86-8BEB-3E01A8FBFC7B}"
EndProject
Project("{9A19103F-16F7-4668-BE54-9A1E7A4F7556}") = "Opgave3", "..\..\C# & ASP\4. Semester\Lektion3_Nedarvning\Opgave3\Opgave3\Opgave3.csproj", "{DC6E3A54-0D5B-4F3E-9275-2CC84E0B9C16}"
EndProject
Project("{9A19103F-16F7-4668-BE54-9A1E7A4F7556}") = "Opgave4", "..\..\C# & ASP\4. Semester\Lektion3_Nedarvning\Opgave4\Opgave4\Opgave4\Opgave4.csproj", "{2D44B82C-5C2A-4336-A065-2BFD40AE1E6A}"
EndProject
Project("{2150E333-8FDC-42A3-9474-1A3956D46DE8}") = "Lektion4_Extensions", "Lektion4_Extensions", "{5B910083-A27F-4290-A5E7-94235C97B223}"
EndProject
Project("{2150E333-8FDC-42A3-9474-1A3956D46DE8}") = "Eksempler", "Eksempler", "{728D794E-EAB1-4423-A88C-0AC093051A80}"
EndProject
Project("{2150E333-8FDC-42A3-9474-1A3956D46DE8}") = "Delegates", "Delegates", "{EDCEAE85-46A7-455B-A75C-82E9B3EC8A6B}"
EndProject
Project("{FAE04EC0-301F-11D3-BF4B-00C04F79EFBC}") = "Delegates", "..\..\C# & ASP\4. Semester\Lektion4_Extensions\Eksempler session 4\Eksempler session 4\Delegates\Delegates\Delegates.csproj", "{EB27865E-ED1E-4237-8FF5-42585210103E}"
EndProject
Project("{2150E333-8FDC-42A3-9474-1A3956D46DE8}") = "Events", "Events", "{D900388A-4BEF-4CDE-88FD-74CC27D0447F}"
EndProject
Project("{FAE04EC0-301F-11D3-BF4B-00C04F79EFBC}") = "Events", "..\..\C# & ASP\4. Semester\Lektion4_Extensions\Eksempler session 4\Eksempler session 4\Events\Events\Events.csproj", "{072A950D-1E2F-4945-AC1C-AB2F7457F5D4}"
EndProject
Project("{2150E333-8FDC-42A3-9474-1A3956D46DE8}") = "ExtenstionsMethods", "ExtenstionsMethods", "{FBF12263-4BB2-44BD-A642-CDFD3586D071}"
EndProject
Project("{FAE04EC0-301F-11D3-BF4B-00C04F79EFBC}") = "ExtensionMethods", "..\..\C# & ASP\4. Semester\Lektion4_Extensions\Eksempler session 4\Eksempler session 4\ExtensionMethods\ExtensionMethods\ExtensionMethods.csproj", "{44FB1BD2-E6F4-4368-BFF0-B93A771E9065}"
EndProject
Project("{2150E333-8FDC-42A3-9474-1A3956D46DE8}") = "Øvelser", "Øvelser", "{7C5AEDDF-2B11-4E39-B4AA-37C55E25FFA3}"
EndProject
Project("{2150E333-8FDC-42A3-9474-1A3956D46DE8}") = "Cards", "Cards", "{501D7DA0-D298-45CA-8F65-243CFD84F319}"
EndProject
Project("{2150E333-8FDC-42A3-9474-1A3956D46DE8}") = "Opgave4.3", "Opgave4.3", "{FB41213A-A61C-49F5-B56C-5D7A666EC83E}"
EndProject
Project("{2150E333-8FDC-42A3-9474-1A3956D46DE8}") = "Personer", "Personer", "{2BBAB0D3-AD1E-49E6-9649-3243324A2A01}"
EndProject
Project("{2150E333-8FDC-42A3-9474-1A3956D46DE8}") = "PowerPlant", "PowerPlant", "{5505B4B6-AE24-4F78-8E8B-205A6139140B}"
EndProject
Project("{2150E333-8FDC-42A3-9474-1A3956D46DE8}") = "Øvelser", "Øvelser", "{EC047077-1BED-4C74-A414-615C340A6F3F}"
EndProject
Project("{9A19103F-16F7-4668-BE54-9A1E7A4F7556}") = "Øvelser", "..\..\C# & ASP\4. Semester\Lektion4_Extensions\Øvelser\Øvelser\Øvelser.csproj", "{87D01AC5-B411-47EF-8C82-09B9D24D7414}"
EndProject
Project("{9A19103F-16F7-4668-BE54-9A1E7A4F7556}") = "Opgave4.2", "..\..\C# & ASP\4. Semester\Lektion4_Extensions\Øvelser\PowerPlant\Opgave4.2.csproj", "{1E05D5AD-7202-4ABD-A3D3-69DB504FB6D4}"
EndProject
Project("{9A19103F-16F7-4668-BE54-9A1E7A4F7556}") = "Personer", "..\..\C# & ASP\4. Semester\Lektion4_Extensions\Øvelser\Personer\Personer.csproj", "{34F0812D-3704-42F4-B686-50E5F28804F9}"
EndProject
Project("{9A19103F-16F7-4668-BE54-9A1E7A4F7556}") = "Opgave4.3", "..\..\C# & ASP\4. Semester\Lektion4_Extensions\Øvelser\Opgave4.3\Opgave4.3.csproj", "{7B4AE173-9C19-4E42-9573-4817C94D6338}"
EndProject
Project("{9A19103F-16F7-4668-BE54-9A1E7A4F7556}") = "Cards", "..\..\C# & ASP\4. Semester\Lektion4_Extensions\Øvelser\Cards\Cards.csproj", "{C5157938-7F02-455D-A0D3-EAB84D671234}"
EndProject
Global
	GlobalSection(SolutionConfigurationPlatforms) = preSolution
		Debug|Any CPU = Debug|Any CPU
		Release|Any CPU = Release|Any CPU
	EndGlobalSection
	GlobalSection(ProjectConfigurationPlatforms) = postSolution
		{B2981466-A1CF-480A-BDB3-1BBDB53C4521}.Debug|Any CPU.ActiveCfg = Debug|Any CPU
		{B2981466-A1CF-480A-BDB3-1BBDB53C4521}.Debug|Any CPU.Build.0 = Debug|Any CPU
		{B2981466-A1CF-480A-BDB3-1BBDB53C4521}.Release|Any CPU.ActiveCfg = Release|Any CPU
		{B2981466-A1CF-480A-BDB3-1BBDB53C4521}.Release|Any CPU.Build.0 = Release|Any CPU
		{17780A19-9423-4DA8-A7EC-F1E4501BD6FB}.Debug|Any CPU.ActiveCfg = Debug|Any CPU
		{17780A19-9423-4DA8-A7EC-F1E4501BD6FB}.Debug|Any CPU.Build.0 = Debug|Any CPU
		{17780A19-9423-4DA8-A7EC-F1E4501BD6FB}.Release|Any CPU.ActiveCfg = Release|Any CPU
		{17780A19-9423-4DA8-A7EC-F1E4501BD6FB}.Release|Any CPU.Build.0 = Release|Any CPU
		{2EADA26F-6CF0-477F-867C-A96BD6F2BEFD}.Debug|Any CPU.ActiveCfg = Debug|Any CPU
		{2EADA26F-6CF0-477F-867C-A96BD6F2BEFD}.Debug|Any CPU.Build.0 = Debug|Any CPU
		{2EADA26F-6CF0-477F-867C-A96BD6F2BEFD}.Release|Any CPU.ActiveCfg = Release|Any CPU
		{2EADA26F-6CF0-477F-867C-A96BD6F2BEFD}.Release|Any CPU.Build.0 = Release|Any CPU
		{FE7DA6E5-D125-4A3E-BF40-0128B395098D}.Debug|Any CPU.ActiveCfg = Debug|Any CPU
		{FE7DA6E5-D125-4A3E-BF40-0128B395098D}.Debug|Any CPU.Build.0 = Debug|Any CPU
		{FE7DA6E5-D125-4A3E-BF40-0128B395098D}.Release|Any CPU.ActiveCfg = Release|Any CPU
		{FE7DA6E5-D125-4A3E-BF40-0128B395098D}.Release|Any CPU.Build.0 = Release|Any CPU
		{DC6E3A54-0D5B-4F3E-9275-2CC84E0B9C16}.Debug|Any CPU.ActiveCfg = Debug|Any CPU
		{DC6E3A54-0D5B-4F3E-9275-2CC84E0B9C16}.Debug|Any CPU.Build.0 = Debug|Any CPU
		{DC6E3A54-0D5B-4F3E-9275-2CC84E0B9C16}.Release|Any CPU.ActiveCfg = Release|Any CPU
		{DC6E3A54-0D5B-4F3E-9275-2CC84E0B9C16}.Release|Any CPU.Build.0 = Release|Any CPU
		{2D44B82C-5C2A-4336-A065-2BFD40AE1E6A}.Debug|Any CPU.ActiveCfg = Debug|Any CPU
		{2D44B82C-5C2A-4336-A065-2BFD40AE1E6A}.Debug|Any CPU.Build.0 = Debug|Any CPU
		{2D44B82C-5C2A-4336-A065-2BFD40AE1E6A}.Release|Any CPU.ActiveCfg = Release|Any CPU
		{2D44B82C-5C2A-4336-A065-2BFD40AE1E6A}.Release|Any CPU.Build.0 = Release|Any CPU
		{EB27865E-ED1E-4237-8FF5-42585210103E}.Debug|Any CPU.ActiveCfg = Debug|Any CPU
		{EB27865E-ED1E-4237-8FF5-42585210103E}.Debug|Any CPU.Build.0 = Debug|Any CPU
		{EB27865E-ED1E-4237-8FF5-42585210103E}.Release|Any CPU.ActiveCfg = Release|Any CPU
		{EB27865E-ED1E-4237-8FF5-42585210103E}.Release|Any CPU.Build.0 = Release|Any CPU
		{072A950D-1E2F-4945-AC1C-AB2F7457F5D4}.Debug|Any CPU.ActiveCfg = Debug|Any CPU
		{072A950D-1E2F-4945-AC1C-AB2F7457F5D4}.Debug|Any CPU.Build.0 = Debug|Any CPU
		{072A950D-1E2F-4945-AC1C-AB2F7457F5D4}.Release|Any CPU.ActiveCfg = Release|Any CPU
		{072A950D-1E2F-4945-AC1C-AB2F7457F5D4}.Release|Any CPU.Build.0 = Release|Any CPU
		{44FB1BD2-E6F4-4368-BFF0-B93A771E9065}.Debug|Any CPU.ActiveCfg = Debug|Any CPU
		{44FB1BD2-E6F4-4368-BFF0-B93A771E9065}.Debug|Any CPU.Build.0 = Debug|Any CPU
		{44FB1BD2-E6F4-4368-BFF0-B93A771E9065}.Release|Any CPU.ActiveCfg = Release|Any CPU
		{44FB1BD2-E6F4-4368-BFF0-B93A771E9065}.Release|Any CPU.Build.0 = Release|Any CPU
		{87D01AC5-B411-47EF-8C82-09B9D24D7414}.Debug|Any CPU.ActiveCfg = Debug|Any CPU
		{87D01AC5-B411-47EF-8C82-09B9D24D7414}.Debug|Any CPU.Build.0 = Debug|Any CPU
		{87D01AC5-B411-47EF-8C82-09B9D24D7414}.Release|Any CPU.ActiveCfg = Release|Any CPU
		{87D01AC5-B411-47EF-8C82-09B9D24D7414}.Release|Any CPU.Build.0 = Release|Any CPU
		{1E05D5AD-7202-4ABD-A3D3-69DB504FB6D4}.Debug|Any CPU.ActiveCfg = Debug|Any CPU
		{1E05D5AD-7202-4ABD-A3D3-69DB504FB6D4}.Debug|Any CPU.Build.0 = Debug|Any CPU
		{1E05D5AD-7202-4ABD-A3D3-69DB504FB6D4}.Release|Any CPU.ActiveCfg = Release|Any CPU
		{1E05D5AD-7202-4ABD-A3D3-69DB504FB6D4}.Release|Any CPU.Build.0 = Release|Any CPU
		{34F0812D-3704-42F4-B686-50E5F28804F9}.Debug|Any CPU.ActiveCfg = Debug|Any CPU
		{34F0812D-3704-42F4-B686-50E5F28804F9}.Debug|Any CPU.Build.0 = Debug|Any CPU
		{34F0812D-3704-42F4-B686-50E5F28804F9}.Release|Any CPU.ActiveCfg = Release|Any CPU
		{34F0812D-3704-42F4-B686-50E5F28804F9}.Release|Any CPU.Build.0 = Release|Any CPU
		{7B4AE173-9C19-4E42-9573-4817C94D6338}.Debug|Any CPU.ActiveCfg = Debug|Any CPU
		{7B4AE173-9C19-4E42-9573-4817C94D6338}.Debug|Any CPU.Build.0 = Debug|Any CPU
		{7B4AE173-9C19-4E42-9573-4817C94D6338}.Release|Any CPU.ActiveCfg = Release|Any CPU
		{7B4AE173-9C19-4E42-9573-4817C94D6338}.Release|Any CPU.Build.0 = Release|Any CPU
		{C5157938-7F02-455D-A0D3-EAB84D671234}.Debug|Any CPU.ActiveCfg = Debug|Any CPU
		{C5157938-7F02-455D-A0D3-EAB84D671234}.Debug|Any CPU.Build.0 = Debug|Any CPU
		{C5157938-7F02-455D-A0D3-EAB84D671234}.Release|Any CPU.ActiveCfg = Release|Any CPU
		{C5157938-7F02-455D-A0D3-EAB84D671234}.Release|Any CPU.Build.0 = Release|Any CPU
	EndGlobalSection
	GlobalSection(SolutionProperties) = preSolution
		HideSolutionNode = FALSE
	EndGlobalSection
	GlobalSection(NestedProjects) = preSolution
		{17780A19-9423-4DA8-A7EC-F1E4501BD6FB} = {E2310E79-861D-4F27-AF95-AA919F17E344}
		{2EADA26F-6CF0-477F-867C-A96BD6F2BEFD} = {E2310E79-861D-4F27-AF95-AA919F17E344}
		{FE7DA6E5-D125-4A3E-BF40-0128B395098D} = {D8524B80-9C9F-4A52-8D82-880A2DE20A75}
		{DC6E3A54-0D5B-4F3E-9275-2CC84E0B9C16} = {1FF05709-1773-4C86-8BEB-3E01A8FBFC7B}
		{2D44B82C-5C2A-4336-A065-2BFD40AE1E6A} = {1FF05709-1773-4C86-8BEB-3E01A8FBFC7B}
		{728D794E-EAB1-4423-A88C-0AC093051A80} = {5B910083-A27F-4290-A5E7-94235C97B223}
		{EDCEAE85-46A7-455B-A75C-82E9B3EC8A6B} = {728D794E-EAB1-4423-A88C-0AC093051A80}
		{EB27865E-ED1E-4237-8FF5-42585210103E} = {EDCEAE85-46A7-455B-A75C-82E9B3EC8A6B}
		{D900388A-4BEF-4CDE-88FD-74CC27D0447F} = {728D794E-EAB1-4423-A88C-0AC093051A80}
		{072A950D-1E2F-4945-AC1C-AB2F7457F5D4} = {D900388A-4BEF-4CDE-88FD-74CC27D0447F}
		{FBF12263-4BB2-44BD-A642-CDFD3586D071} = {728D794E-EAB1-4423-A88C-0AC093051A80}
		{44FB1BD2-E6F4-4368-BFF0-B93A771E9065} = {FBF12263-4BB2-44BD-A642-CDFD3586D071}
		{7C5AEDDF-2B11-4E39-B4AA-37C55E25FFA3} = {5B910083-A27F-4290-A5E7-94235C97B223}
		{501D7DA0-D298-45CA-8F65-243CFD84F319} = {7C5AEDDF-2B11-4E39-B4AA-37C55E25FFA3}
		{FB41213A-A61C-49F5-B56C-5D7A666EC83E} = {7C5AEDDF-2B11-4E39-B4AA-37C55E25FFA3}
		{2BBAB0D3-AD1E-49E6-9649-3243324A2A01} = {7C5AEDDF-2B11-4E39-B4AA-37C55E25FFA3}
		{5505B4B6-AE24-4F78-8E8B-205A6139140B} = {7C5AEDDF-2B11-4E39-B4AA-37C55E25FFA3}
		{EC047077-1BED-4C74-A414-615C340A6F3F} = {7C5AEDDF-2B11-4E39-B4AA-37C55E25FFA3}
		{87D01AC5-B411-47EF-8C82-09B9D24D7414} = {EC047077-1BED-4C74-A414-615C340A6F3F}
		{1E05D5AD-7202-4ABD-A3D3-69DB504FB6D4} = {5505B4B6-AE24-4F78-8E8B-205A6139140B}
		{34F0812D-3704-42F4-B686-50E5F28804F9} = {2BBAB0D3-AD1E-49E6-9649-3243324A2A01}
		{7B4AE173-9C19-4E42-9573-4817C94D6338} = {FB41213A-A61C-49F5-B56C-5D7A666EC83E}
		{C5157938-7F02-455D-A0D3-EAB84D671234} = {501D7DA0-D298-45CA-8F65-243CFD84F319}
	EndGlobalSection
	GlobalSection(ExtensibilityGlobals) = postSolution
		SolutionGuid = {F821B0D2-73D6-464F-BA07-8B532B70AD27}
	EndGlobalSection
EndGlobal
